// !$*UTF8*$!
{
	archiveVersion = 1;
	classes = {
	};
	objectVersion = 56;
	objects = {

/* Begin PBXBuildFile section */
		954041D92BA0ED610035A396 /* SamsHealthHubApp.swift in Sources */ = {isa = PBXBuildFile; fileRef = 954041D82BA0ED610035A396 /* SamsHealthHubApp.swift */; };
		954041DB2BA0ED610035A396 /* ContentView.swift in Sources */ = {isa = PBXBuildFile; fileRef = 954041DA2BA0ED610035A396 /* ContentView.swift */; };
		954041DD2BA0ED610035A396 /* Item.swift in Sources */ = {isa = PBXBuildFile; fileRef = 954041DC2BA0ED610035A396 /* Item.swift */; };
		954041DF2BA0ED620035A396 /* Assets.xcassets in Resources */ = {isa = PBXBuildFile; fileRef = 954041DE2BA0ED620035A396 /* Assets.xcassets */; };
		954041E22BA0ED620035A396 /* Preview Assets.xcassets in Resources */ = {isa = PBXBuildFile; fileRef = 954041E12BA0ED620035A396 /* Preview Assets.xcassets */; };
		ED9D082D2BA8E17B00304476 /* index.swift in Sources */ = {isa = PBXBuildFile; fileRef = ED9D08282BA8E17B00304476 /* index.swift */; };
		ED9D082E2BA8E17B00304476 /* GoalEditView.swift in Sources */ = {isa = PBXBuildFile; fileRef = ED9D08292BA8E17B00304476 /* GoalEditView.swift */; };
		ED9D082F2BA8E17B00304476 /* SettingsView.swift in Sources */ = {isa = PBXBuildFile; fileRef = ED9D082A2BA8E17B00304476 /* SettingsView.swift */; };
		ED9D08302BA8E17B00304476 /* ItemSearchView.swift in Sources */ = {isa = PBXBuildFile; fileRef = ED9D082B2BA8E17B00304476 /* ItemSearchView.swift */; };
		ED9D08312BA8E17B00304476 /* SideMenuView.swift in Sources */ = {isa = PBXBuildFile; fileRef = ED9D082C2BA8E17B00304476 /* SideMenuView.swift */; };
/* End PBXBuildFile section */

/* Begin PBXFileReference section */
		954041D52BA0ED610035A396 /* SamsHealthHub.app */ = {isa = PBXFileReference; explicitFileType = wrapper.application; includeInIndex = 0; path = SamsHealthHub.app; sourceTree = BUILT_PRODUCTS_DIR; };
		954041D82BA0ED610035A396 /* SamsHealthHubApp.swift */ = {isa = PBXFileReference; lastKnownFileType = sourcecode.swift; path = SamsHealthHubApp.swift; sourceTree = "<group>"; };
		954041DA2BA0ED610035A396 /* ContentView.swift */ = {isa = PBXFileReference; lastKnownFileType = sourcecode.swift; path = ContentView.swift; sourceTree = "<group>"; };
		954041DC2BA0ED610035A396 /* Item.swift */ = {isa = PBXFileReference; lastKnownFileType = sourcecode.swift; path = Item.swift; sourceTree = "<group>"; };
		954041DE2BA0ED620035A396 /* Assets.xcassets */ = {isa = PBXFileReference; lastKnownFileType = folder.assetcatalog; path = Assets.xcassets; sourceTree = "<group>"; };
		954041E12BA0ED620035A396 /* Preview Assets.xcassets */ = {isa = PBXFileReference; lastKnownFileType = folder.assetcatalog; path = "Preview Assets.xcassets"; sourceTree = "<group>"; };
		ED9D08282BA8E17B00304476 /* index.swift */ = {isa = PBXFileReference; fileEncoding = 4; lastKnownFileType = sourcecode.swift; name = index.swift; path = ../../toAdd/index.swift; sourceTree = "<group>"; };
		ED9D08292BA8E17B00304476 /* GoalEditView.swift */ = {isa = PBXFileReference; fileEncoding = 4; lastKnownFileType = sourcecode.swift; name = GoalEditView.swift; path = ../../toAdd/GoalEditView.swift; sourceTree = "<group>"; };
		ED9D082A2BA8E17B00304476 /* SettingsView.swift */ = {isa = PBXFileReference; fileEncoding = 4; lastKnownFileType = sourcecode.swift; name = SettingsView.swift; path = ../../toAdd/SettingsView.swift; sourceTree = "<group>"; };
		ED9D082B2BA8E17B00304476 /* ItemSearchView.swift */ = {isa = PBXFileReference; fileEncoding = 4; lastKnownFileType = sourcecode.swift; name = ItemSearchView.swift; path = ../../toAdd/ItemSearchView.swift; sourceTree = "<group>"; };
		ED9D082C2BA8E17B00304476 /* SideMenuView.swift */ = {isa = PBXFileReference; fileEncoding = 4; lastKnownFileType = sourcecode.swift; name = SideMenuView.swift; path = ../../toAdd/SideMenuView.swift; sourceTree = "<group>"; };
/* End PBXFileReference section */

/* Begin PBXFrameworksBuildPhase section */
		954041D22BA0ED610035A396 /* Frameworks */ = {
			isa = PBXFrameworksBuildPhase;
			buildActionMask = 2147483647;
			files = (
			);
			runOnlyForDeploymentPostprocessing = 0;
		};
/* End PBXFrameworksBuildPhase section */

/* Begin PBXGroup section */
		954041CC2BA0ED610035A396 = {
			isa = PBXGroup;
			children = (
				954041D72BA0ED610035A396 /* SamsHealthHub */,
				954041D62BA0ED610035A396 /* Products */,
			);
			sourceTree = "<group>";
		};
		954041D62BA0ED610035A396 /* Products */ = {
			isa = PBXGroup;
			children = (
				954041D52BA0ED610035A396 /* SamsHealthHub.app */,
			);
			name = Products;
			sourceTree = "<group>";
		};
		954041D72BA0ED610035A396 /* SamsHealthHub */ = {
			isa = PBXGroup;
			children = (
				954041D82BA0ED610035A396 /* SamsHealthHubApp.swift */,
				ED9D08292BA8E17B00304476 /* GoalEditView.swift */,
				ED9D08282BA8E17B00304476 /* index.swift */,
				ED9D082B2BA8E17B00304476 /* ItemSearchView.swift */,
				ED9D082A2BA8E17B00304476 /* SettingsView.swift */,
				ED9D082C2BA8E17B00304476 /* SideMenuView.swift */,
				954041DA2BA0ED610035A396 /* ContentView.swift */,
				954041DC2BA0ED610035A396 /* Item.swift */,
				954041DE2BA0ED620035A396 /* Assets.xcassets */,
				954041E02BA0ED620035A396 /* Preview Content */,
			);
			path = SamsHealthHub;
			sourceTree = "<group>";
		};
		954041E02BA0ED620035A396 /* Preview Content */ = {
			isa = PBXGroup;
			children = (
				954041E12BA0ED620035A396 /* Preview Assets.xcassets */,
			);
			path = "Preview Content";
			sourceTree = "<group>";
		};
/* End PBXGroup section */

/* Begin PBXNativeTarget section */
		954041D42BA0ED610035A396 /* SamsHealthHub */ = {
			isa = PBXNativeTarget;
			buildConfigurationList = 954041E52BA0ED620035A396 /* Build configuration list for PBXNativeTarget "SamsHealthHub" */;
			buildPhases = (
				954041D12BA0ED610035A396 /* Sources */,
				954041D22BA0ED610035A396 /* Frameworks */,
				954041D32BA0ED610035A396 /* Resources */,
			);
			buildRules = (
			);
			dependencies = (
			);
			name = SamsHealthHub;
			productName = SamsHealthHub;
			productReference = 954041D52BA0ED610035A396 /* SamsHealthHub.app */;
			productType = "com.apple.product-type.application";
		};
/* End PBXNativeTarget section */

/* Begin PBXProject section */
		954041CD2BA0ED610035A396 /* Project object */ = {
			isa = PBXProject;
			attributes = {
				BuildIndependentTargetsInParallel = 1;
				LastSwiftUpdateCheck = 1530;
				LastUpgradeCheck = 1530;
				TargetAttributes = {
					954041D42BA0ED610035A396 = {
						CreatedOnToolsVersion = 15.3;
					};
				};
			};
			buildConfigurationList = 954041D02BA0ED610035A396 /* Build configuration list for PBXProject "SamsHealthHub" */;
			compatibilityVersion = "Xcode 14.0";
			developmentRegion = en;
			hasScannedForEncodings = 0;
			knownRegions = (
				en,
				Base,
			);
			mainGroup = 954041CC2BA0ED610035A396;
			productRefGroup = 954041D62BA0ED610035A396 /* Products */;
			projectDirPath = "";
			projectRoot = "";
			targets = (
				954041D42BA0ED610035A396 /* SamsHealthHub */,
			);
		};
/* End PBXProject section */

/* Begin PBXResourcesBuildPhase section */
		954041D32BA0ED610035A396 /* Resources */ = {
			isa = PBXResourcesBuildPhase;
			buildActionMask = 2147483647;
			files = (
				954041E22BA0ED620035A396 /* Preview Assets.xcassets in Resources */,
				954041DF2BA0ED620035A396 /* Assets.xcassets in Resources */,
			);
			runOnlyForDeploymentPostprocessing = 0;
		};
/* End PBXResourcesBuildPhase section */

/* Begin PBXSourcesBuildPhase section */
		954041D12BA0ED610035A396 /* Sources */ = {
			isa = PBXSourcesBuildPhase;
			buildActionMask = 2147483647;
			files = (
				954041DB2BA0ED610035A396 /* ContentView.swift in Sources */,
				ED9D08302BA8E17B00304476 /* ItemSearchView.swift in Sources */,
				ED9D08312BA8E17B00304476 /* SideMenuView.swift in Sources */,
				954041DD2BA0ED610035A396 /* Item.swift in Sources */,
				ED9D082D2BA8E17B00304476 /* index.swift in Sources */,
				ED9D082F2BA8E17B00304476 /* SettingsView.swift in Sources */,
				ED9D082E2BA8E17B00304476 /* GoalEditView.swift in Sources */,
				954041D92BA0ED610035A396 /* SamsHealthHubApp.swift in Sources */,
			);
			runOnlyForDeploymentPostprocessing = 0;
		};
/* End PBXSourcesBuildPhase section */

/* Begin XCBuildConfiguration section */
		954041E32BA0ED620035A396 /* Debug */ = {
			isa = XCBuildConfiguration;
			buildSettings = {
				ALWAYS_SEARCH_USER_PATHS = NO;
				ASSETCATALOG_COMPILER_GENERATE_SWIFT_ASSET_SYMBOL_EXTENSIONS = YES;
				CLANG_ANALYZER_NONNULL = YES;
				CLANG_ANALYZER_NUMBER_OBJECT_CONVERSION = YES_AGGRESSIVE;
				CLANG_CXX_LANGUAGE_STANDARD = "gnu++20";
				CLANG_ENABLE_MODULES = YES;
				CLANG_ENABLE_OBJC_ARC = YES;
				CLANG_ENABLE_OBJC_WEAK = YES;
				CLANG_WARN_BLOCK_CAPTURE_AUTORELEASING = YES;
				CLANG_WARN_BOOL_CONVERSION = YES;
				CLANG_WARN_COMMA = YES;
				CLANG_WARN_CONSTANT_CONVERSION = YES;
				CLANG_WARN_DEPRECATED_OBJC_IMPLEMENTATIONS = YES;
				CLANG_WARN_DIRECT_OBJC_ISA_USAGE = YES_ERROR;
				CLANG_WARN_DOCUMENTATION_COMMENTS = YES;
				CLANG_WARN_EMPTY_BODY = YES;
				CLANG_WARN_ENUM_CONVERSION = YES;
				CLANG_WARN_INFINITE_RECURSION = YES;
				CLANG_WARN_INT_CONVERSION = YES;
				CLANG_WARN_NON_LITERAL_NULL_CONVERSION = YES;
				CLANG_WARN_OBJC_IMPLICIT_RETAIN_SELF = YES;
				CLANG_WARN_OBJC_LITERAL_CONVERSION = YES;
				CLANG_WARN_OBJC_ROOT_CLASS = YES_ERROR;
				CLANG_WARN_QUOTED_INCLUDE_IN_FRAMEWORK_HEADER = YES;
				CLANG_WARN_RANGE_LOOP_ANALYSIS = YES;
				CLANG_WARN_STRICT_PROTOTYPES = YES;
				CLANG_WARN_SUSPICIOUS_MOVE = YES;
				CLANG_WARN_UNGUARDED_AVAILABILITY = YES_AGGRESSIVE;
				CLANG_WARN_UNREACHABLE_CODE = YES;
				CLANG_WARN__DUPLICATE_METHOD_MATCH = YES;
				COPY_PHASE_STRIP = NO;
				DEBUG_INFORMATION_FORMAT = dwarf;
				ENABLE_STRICT_OBJC_MSGSEND = YES;
				ENABLE_TESTABILITY = YES;
				ENABLE_USER_SCRIPT_SANDBOXING = YES;
				GCC_C_LANGUAGE_STANDARD = gnu17;
				GCC_DYNAMIC_NO_PIC = NO;
				GCC_NO_COMMON_BLOCKS = YES;
				GCC_OPTIMIZATION_LEVEL = 0;
				GCC_PREPROCESSOR_DEFINITIONS = (
					"DEBUG=1",
					"$(inherited)",
				);
				GCC_WARN_64_TO_32_BIT_CONVERSION = YES;
				GCC_WARN_ABOUT_RETURN_TYPE = YES_ERROR;
				GCC_WARN_UNDECLARED_SELECTOR = YES;
				GCC_WARN_UNINITIALIZED_AUTOS = YES_AGGRESSIVE;
				GCC_WARN_UNUSED_FUNCTION = YES;
				GCC_WARN_UNUSED_VARIABLE = YES;
				IPHONEOS_DEPLOYMENT_TARGET = 17.4;
				LOCALIZATION_PREFERS_STRING_CATALOGS = YES;
				MTL_ENABLE_DEBUG_INFO = INCLUDE_SOURCE;
				MTL_FAST_MATH = YES;
				ONLY_ACTIVE_ARCH = YES;
				SDKROOT = iphoneos;
				SWIFT_ACTIVE_COMPILATION_CONDITIONS = "DEBUG $(inherited)";
				SWIFT_OPTIMIZATION_LEVEL = "-Onone";
			};
			name = Debug;
		};
		954041E42BA0ED620035A396 /* Release */ = {
			isa = XCBuildConfiguration;
			buildSettings = {
				ALWAYS_SEARCH_USER_PATHS = NO;
				ASSETCATALOG_COMPILER_GENERATE_SWIFT_ASSET_SYMBOL_EXTENSIONS = YES;
				CLANG_ANALYZER_NONNULL = YES;
				CLANG_ANALYZER_NUMBER_OBJECT_CONVERSION = YES_AGGRESSIVE;
				CLANG_CXX_LANGUAGE_STANDARD = "gnu++20";
				CLANG_ENABLE_MODULES = YES;
				CLANG_ENABLE_OBJC_ARC = YES;
				CLANG_ENABLE_OBJC_WEAK = YES;
				CLANG_WARN_BLOCK_CAPTURE_AUTORELEASING = YES;
				CLANG_WARN_BOOL_CONVERSION = YES;
				CLANG_WARN_COMMA = YES;
				CLANG_WARN_CONSTANT_CONVERSION = YES;
				CLANG_WARN_DEPRECATED_OBJC_IMPLEMENTATIONS = YES;
				CLANG_WARN_DIRECT_OBJC_ISA_USAGE = YES_ERROR;
				CLANG_WARN_DOCUMENTATION_COMMENTS = YES;
				CLANG_WARN_EMPTY_BODY = YES;
				CLANG_WARN_ENUM_CONVERSION = YES;
				CLANG_WARN_INFINITE_RECURSION = YES;
				CLANG_WARN_INT_CONVERSION = YES;
				CLANG_WARN_NON_LITERAL_NULL_CONVERSION = YES;
				CLANG_WARN_OBJC_IMPLICIT_RETAIN_SELF = YES;
				CLANG_WARN_OBJC_LITERAL_CONVERSION = YES;
				CLANG_WARN_OBJC_ROOT_CLASS = YES_ERROR;
				CLANG_WARN_QUOTED_INCLUDE_IN_FRAMEWORK_HEADER = YES;
				CLANG_WARN_RANGE_LOOP_ANALYSIS = YES;
				CLANG_WARN_STRICT_PROTOTYPES = YES;
				CLANG_WARN_SUSPICIOUS_MOVE = YES;
				CLANG_WARN_UNGUARDED_AVAILABILITY = YES_AGGRESSIVE;
				CLANG_WARN_UNREACHABLE_CODE = YES;
				CLANG_WARN__DUPLICATE_METHOD_MATCH = YES;
				COPY_PHASE_STRIP = NO;
				DEBUG_INFORMATION_FORMAT = "dwarf-with-dsym";
				ENABLE_NS_ASSERTIONS = NO;
				ENABLE_STRICT_OBJC_MSGSEND = YES;
				ENABLE_USER_SCRIPT_SANDBOXING = YES;
				GCC_C_LANGUAGE_STANDARD = gnu17;
				GCC_NO_COMMON_BLOCKS = YES;
				GCC_WARN_64_TO_32_BIT_CONVERSION = YES;
				GCC_WARN_ABOUT_RETURN_TYPE = YES_ERROR;
				GCC_WARN_UNDECLARED_SELECTOR = YES;
				GCC_WARN_UNINITIALIZED_AUTOS = YES_AGGRESSIVE;
				GCC_WARN_UNUSED_FUNCTION = YES;
				GCC_WARN_UNUSED_VARIABLE = YES;
				IPHONEOS_DEPLOYMENT_TARGET = 17.4;
				LOCALIZATION_PREFERS_STRING_CATALOGS = YES;
				MTL_ENABLE_DEBUG_INFO = NO;
				MTL_FAST_MATH = YES;
				SDKROOT = iphoneos;
				SWIFT_COMPILATION_MODE = wholemodule;
				VALIDATE_PRODUCT = YES;
			};
			name = Release;
		};
		954041E62BA0ED620035A396 /* Debug */ = {
			isa = XCBuildConfiguration;
			buildSettings = {
				ASSETCATALOG_COMPILER_APPICON_NAME = AppIcon;
				ASSETCATALOG_COMPILER_GLOBAL_ACCENT_COLOR_NAME = AccentColor;
				CODE_SIGN_STYLE = Automatic;
				CURRENT_PROJECT_VERSION = 1;
				DEVELOPMENT_ASSET_PATHS = "\"SamsHealthHub/Preview Content\"";
				ENABLE_PREVIEWS = YES;
				GENERATE_INFOPLIST_FILE = YES;
				INFOPLIST_KEY_UIApplicationSceneManifest_Generation = YES;
				INFOPLIST_KEY_UIApplicationSupportsIndirectInputEvents = YES;
				INFOPLIST_KEY_UILaunchScreen_Generation = YES;
				INFOPLIST_KEY_UISupportedInterfaceOrientations_iPad = "UIInterfaceOrientationPortrait UIInterfaceOrientationPortraitUpsideDown UIInterfaceOrientationLandscapeLeft UIInterfaceOrientationLandscapeRight";
				INFOPLIST_KEY_UISupportedInterfaceOrientations_iPhone = "UIInterfaceOrientationPortrait UIInterfaceOrientationLandscapeLeft UIInterfaceOrientationLandscapeRight";
				LD_RUNPATH_SEARCH_PATHS = (
					"$(inherited)",
					"@executable_path/Frameworks",
				);
				MARKETING_VERSION = 1.0;
				PRODUCT_BUNDLE_IDENTIFIER = SoftwareEngineering.SamsHealthHub;
				PRODUCT_NAME = "$(TARGET_NAME)";
				SWIFT_EMIT_LOC_STRINGS = YES;
				SWIFT_VERSION = 5.0;
				TARGETED_DEVICE_FAMILY = "1,2";
			};
			name = Debug;
		};
		954041E72BA0ED620035A396 /* Release */ = {
			isa = XCBuildConfiguration;
			buildSettings = {
				ASSETCATALOG_COMPILER_APPICON_NAME = AppIcon;
				ASSETCATALOG_COMPILER_GLOBAL_ACCENT_COLOR_NAME = AccentColor;
				CODE_SIGN_STYLE = Automatic;
				CURRENT_PROJECT_VERSION = 1;
				DEVELOPMENT_ASSET_PATHS = "\"SamsHealthHub/Preview Content\"";
				ENABLE_PREVIEWS = YES;
				GENERATE_INFOPLIST_FILE = YES;
				INFOPLIST_KEY_UIApplicationSceneManifest_Generation = YES;
				INFOPLIST_KEY_UIApplicationSupportsIndirectInputEvents = YES;
				INFOPLIST_KEY_UILaunchScreen_Generation = YES;
				INFOPLIST_KEY_UISupportedInterfaceOrientations_iPad = "UIInterfaceOrientationPortrait UIInterfaceOrientationPortraitUpsideDown UIInterfaceOrientationLandscapeLeft UIInterfaceOrientationLandscapeRight";
				INFOPLIST_KEY_UISupportedInterfaceOrientations_iPhone = "UIInterfaceOrientationPortrait UIInterfaceOrientationLandscapeLeft UIInterfaceOrientationLandscapeRight";
				LD_RUNPATH_SEARCH_PATHS = (
					"$(inherited)",
					"@executable_path/Frameworks",
				);
				MARKETING_VERSION = 1.0;
				PRODUCT_BUNDLE_IDENTIFIER = SoftwareEngineering.SamsHealthHub;
				PRODUCT_NAME = "$(TARGET_NAME)";
				SWIFT_EMIT_LOC_STRINGS = YES;
				SWIFT_VERSION = 5.0;
				TARGETED_DEVICE_FAMILY = "1,2";
			};
			name = Release;
		};
/* End XCBuildConfiguration section */

/* Begin XCConfigurationList section */
		954041D02BA0ED610035A396 /* Build configuration list for PBXProject "SamsHealthHub" */ = {
			isa = XCConfigurationList;
			buildConfigurations = (
				954041E32BA0ED620035A396 /* Debug */,
				954041E42BA0ED620035A396 /* Release */,
			);
			defaultConfigurationIsVisible = 0;
			defaultConfigurationName = Release;
		};
		954041E52BA0ED620035A396 /* Build configuration list for PBXNativeTarget "SamsHealthHub" */ = {
			isa = XCConfigurationList;
			buildConfigurations = (
				954041E62BA0ED620035A396 /* Debug */,
				954041E72BA0ED620035A396 /* Release */,
			);
			defaultConfigurationIsVisible = 0;
			defaultConfigurationName = Release;
		};
/* End XCConfigurationList section */
	};
	rootObject = 954041CD2BA0ED610035A396 /* Project object */;
}
